{
  "name": "ecstask",
  "version": "1.0.0",
  "lockfileVersion": 1,
  "requires": true,
  "dependencies": {
    "cfn-custom-resource": {
      "version": "5.0.9",
      "resolved": "https://registry.npmjs.org/cfn-custom-resource/-/cfn-custom-resource-5.0.9.tgz",
      "integrity": "sha512-7LschE+nIE1nD+uBARawqxrsQW7tHjnk2mO5XAHuDL293f6S2ID1XgeQqtyEppLFkwgBMBkB14S0IpA6fBx5hA=="
    }
  }
}
